
Microsoft Visual Studio Solution File, Format Version 12.00
# Visual Studio Version 17
VisualStudioVersion = 17.7.34018.315
MinimumVisualStudioVersion = 10.0.40219.1
Project("{FAE04EC0-301F-11D3-BF4B-00C04F79EFBC}") = "2m_14_Figura", "2m_14_Figura\2m_14_Figura.csproj", "{56D5AC35-9588-41B0-B671-BD0CCEBFF739}"
EndProject
Global
	GlobalSection(SolutionConfigurationPlatforms) = preSolution
		Debug|Any CPU = Debug|Any CPU
		Release|Any CPU = Release|Any CPU
	EndGlobalSection
	GlobalSection(ProjectConfigurationPlatforms) = postSolution
		{56D5AC35-9588-41B0-B671-BD0CCEBFF739}.Debug|Any CPU.ActiveCfg = Debug|Any CPU
		{56D5AC35-9588-41B0-B671-BD0CCEBFF739}.Debug|Any CPU.Build.0 = Debug|Any CPU
		{56D5AC35-9588-41B0-B671-BD0CCEBFF739}.Release|Any CPU.ActiveCfg = Release|Any CPU
		{56D5AC35-9588-41B0-B671-BD0CCEBFF739}.Release|Any CPU.Build.0 = Release|Any CPU
	EndGlobalSection
	GlobalSection(SolutionProperties) = preSolution
		HideSolutionNode = FALSE
	EndGlobalSection
	GlobalSection(ExtensibilityGlobals) = postSolution
		SolutionGuid = {2C60F6B2-D593-4159-A900-D27D7BF92BD0}
	EndGlobalSection
EndGlobal
